github.com/creekorful/mvnparser v1.2.0 h1:V4q2F52sMQeDGRcuudIuUnfO53+p8ivSRWTDCKPtoyg=
github.com/creekorful/mvnparser v1.2.0/go.mod h1:FeYOFPluW+0s5hTa8JSCjHjpo4lWGq190OHbMuvqbBE=
github.com/go-training/helloworld v0.0.0-20200225145412-ba5f4379d78b h1:0pOrjn0UzTcHdhDVdxrH8LwM7QLnAp8qiUtwXM04JEE=
github.com/go-training/helloworld v0.0.0-20200225145412-ba5f4379d78b/go.mod h1:hGGmX3bRUkYkc9aKA6mkUxi6d+f1GmZF1je0FlVTgwU=
gopkg.in/check.v1 v0.0.0-20161208181325-20d25e280405/go.mod h1:Co6ibVJAznAaIkqp8huTwlJQCZ016jof/cbN4VW5Yz0=
gopkg.in/yaml.v2 v2.3.0 h1:clyUAQHOM3G0M3f5vQj7LuJrETvjVot3Z5el9nffUtU=
gopkg.in/yaml.v2 v2.3.0/go.mod h1:hI93XBmqTisBFMUTm0b8Fm+jr3Dg1NNxqwp+5A1VGuI=
